
Microsoft Visual Studio Solution File, Format Version 12.00
# Visual Studio Version 17
VisualStudioVersion = 17.11.35312.102
MinimumVisualStudioVersion = 10.0.40219.1
Project("{FAE04EC0-301F-11D3-BF4B-00C04F79EFBC}") = "ZippySocialApi", "ZippySocialApi.csproj", "{995FB785-9525-41EF-8A2A-5257BAC41514}"
EndProject
Global
	GlobalSection(SolutionConfigurationPlatforms) = preSolution
		Debug|Any CPU = Debug|Any CPU
		Release|Any CPU = Release|Any CPU
	EndGlobalSection
	GlobalSection(ProjectConfigurationPlatforms) = postSolution
		{995FB785-9525-41EF-8A2A-5257BAC41514}.Debug|Any CPU.ActiveCfg = Debug|Any CPU
		{995FB785-9525-41EF-8A2A-5257BAC41514}.Debug|Any CPU.Build.0 = Debug|Any CPU
		{995FB785-9525-41EF-8A2A-5257BAC41514}.Release|Any CPU.ActiveCfg = Release|Any CPU
		{995FB785-9525-41EF-8A2A-5257BAC41514}.Release|Any CPU.Build.0 = Release|Any CPU
	EndGlobalSection
	GlobalSection(SolutionProperties) = preSolution
		HideSolutionNode = FALSE
	EndGlobalSection
	GlobalSection(ExtensibilityGlobals) = postSolution
		SolutionGuid = {693EEB28-5531-4276-8235-DD7A8FBF24EE}
	EndGlobalSection
EndGlobal
